
Microsoft Visual Studio Solution File, Format Version 12.00
# Visual Studio Version 17
VisualStudioVersion = 17.10.35013.160
MinimumVisualStudioVersion = 10.0.40219.1
Project("{9A19103F-16F7-4668-BE54-9A1E7A4F7556}") = "Ratbags.Comments.API", "Ratbags.Comments.API\Ratbags.Comments.API.csproj", "{A3F89398-2643-41B7-8124-9FE15C41F72A}"
EndProject
Global
	GlobalSection(SolutionConfigurationPlatforms) = preSolution
		Debug|Any CPU = Debug|Any CPU
		Release|Any CPU = Release|Any CPU
		Staging|Any CPU = Staging|Any CPU
	EndGlobalSection
	GlobalSection(ProjectConfigurationPlatforms) = postSolution
		{A3F89398-2643-41B7-8124-9FE15C41F72A}.Debug|Any CPU.ActiveCfg = Debug|Any CPU
		{A3F89398-2643-41B7-8124-9FE15C41F72A}.Debug|Any CPU.Build.0 = Debug|Any CPU
		{A3F89398-2643-41B7-8124-9FE15C41F72A}.Release|Any CPU.ActiveCfg = Release|Any CPU
		{A3F89398-2643-41B7-8124-9FE15C41F72A}.Release|Any CPU.Build.0 = Release|Any CPU
		{A3F89398-2643-41B7-8124-9FE15C41F72A}.Staging|Any CPU.ActiveCfg = Staging|Any CPU
		{A3F89398-2643-41B7-8124-9FE15C41F72A}.Staging|Any CPU.Build.0 = Staging|Any CPU
	EndGlobalSection
	GlobalSection(SolutionProperties) = preSolution
		HideSolutionNode = FALSE
	EndGlobalSection
	GlobalSection(ExtensibilityGlobals) = postSolution
		SolutionGuid = {6F42D713-B5D9-4CBD-A03F-49212FB352AE}
	EndGlobalSection
EndGlobal
